// !$*UTF8*$!
{
	archiveVersion = 1;
	classes = {
	};
	objectVersion = 50;
	objects = {

/* Begin PBXBuildFile section */
		6620BAC721A065AD0019A550 /* TutorialWebViewController.swift in Sources */ = {isa = PBXBuildFile; fileRef = 6620BAC621A065AD0019A550 /* TutorialWebViewController.swift */; };
		6620BACA21A0660D0019A550 /* WebKit.framework in Frameworks */ = {isa = PBXBuildFile; fileRef = 6620BAC921A0660C0019A550 /* WebKit.framework */; };
		6681202221A0226D00B2EC2D /* AppDelegate.swift in Sources */ = {isa = PBXBuildFile; fileRef = 6681202121A0226D00B2EC2D /* AppDelegate.swift */; };
		6681202421A0226D00B2EC2D /* ViewController.swift in Sources */ = {isa = PBXBuildFile; fileRef = 6681202321A0226D00B2EC2D /* ViewController.swift */; };
		6681202721A0226D00B2EC2D /* Main.storyboard in Resources */ = {isa = PBXBuildFile; fileRef = 6681202521A0226D00B2EC2D /* Main.storyboard */; };
		6681202921A0227E00B2EC2D /* Assets.xcassets in Resources */ = {isa = PBXBuildFile; fileRef = 6681202821A0227E00B2EC2D /* Assets.xcassets */; };
		6681202C21A0227E00B2EC2D /* LaunchScreen.storyboard in Resources */ = {isa = PBXBuildFile; fileRef = 6681202A21A0227E00B2EC2D /* LaunchScreen.storyboard */; };
		6681203721A0227F00B2EC2D /* ContratinTutorial1Tests.swift in Sources */ = {isa = PBXBuildFile; fileRef = 6681203621A0227F00B2EC2D /* ContratinTutorial1Tests.swift */; };
		6681204221A0227F00B2EC2D /* ContratinTutorial1UITests.swift in Sources */ = {isa = PBXBuildFile; fileRef = 6681204121A0227F00B2EC2D /* ContratinTutorial1UITests.swift */; };
/* End PBXBuildFile section */

/* Begin PBXContainerItemProxy section */
		6681203321A0227F00B2EC2D /* PBXContainerItemProxy */ = {
			isa = PBXContainerItemProxy;
			containerPortal = 6681201621A0226D00B2EC2D /* Project object */;
			proxyType = 1;
			remoteGlobalIDString = 6681201D21A0226D00B2EC2D;
			remoteInfo = ContratinTutorial1;
		};
		6681203E21A0227F00B2EC2D /* PBXContainerItemProxy */ = {
			isa = PBXContainerItemProxy;
			containerPortal = 6681201621A0226D00B2EC2D /* Project object */;
			proxyType = 1;
			remoteGlobalIDString = 6681201D21A0226D00B2EC2D;
			remoteInfo = ContratinTutorial1;
		};
/* End PBXContainerItemProxy section */

/* Begin PBXFileReference section */
		6620BAC621A065AD0019A550 /* TutorialWebViewController.swift */ = {isa = PBXFileReference; lastKnownFileType = sourcecode.swift; path = TutorialWebViewController.swift; sourceTree = "<group>"; };
		6620BAC921A0660C0019A550 /* WebKit.framework */ = {isa = PBXFileReference; lastKnownFileType = wrapper.framework; name = WebKit.framework; path = System/Library/Frameworks/WebKit.framework; sourceTree = SDKROOT; };
		6681201E21A0226D00B2EC2D /* ContratinTutorial1.app */ = {isa = PBXFileReference; explicitFileType = wrapper.application; includeInIndex = 0; path = ContratinTutorial1.app; sourceTree = BUILT_PRODUCTS_DIR; };
		6681202121A0226D00B2EC2D /* AppDelegate.swift */ = {isa = PBXFileReference; lastKnownFileType = sourcecode.swift; path = AppDelegate.swift; sourceTree = "<group>"; };
		6681202321A0226D00B2EC2D /* ViewController.swift */ = {isa = PBXFileReference; lastKnownFileType = sourcecode.swift; path = ViewController.swift; sourceTree = "<group>"; };
		6681202621A0226D00B2EC2D /* Base */ = {isa = PBXFileReference; lastKnownFileType = file.storyboard; name = Base; path = Base.lproj/Main.storyboard; sourceTree = "<group>"; };
		6681202821A0227E00B2EC2D /* Assets.xcassets */ = {isa = PBXFileReference; lastKnownFileType = folder.assetcatalog; path = Assets.xcassets; sourceTree = "<group>"; };
		6681202B21A0227E00B2EC2D /* Base */ = {isa = PBXFileReference; lastKnownFileType = file.storyboard; name = Base; path = Base.lproj/LaunchScreen.storyboard; sourceTree = "<group>"; };
		6681202D21A0227E00B2EC2D /* Info.plist */ = {isa = PBXFileReference; lastKnownFileType = text.plist.xml; path = Info.plist; sourceTree = "<group>"; };
		6681203221A0227F00B2EC2D /* ContratinTutorial1Tests.xctest */ = {isa = PBXFileReference; explicitFileType = wrapper.cfbundle; includeInIndex = 0; path = ContratinTutorial1Tests.xctest; sourceTree = BUILT_PRODUCTS_DIR; };
		6681203621A0227F00B2EC2D /* ContratinTutorial1Tests.swift */ = {isa = PBXFileReference; lastKnownFileType = sourcecode.swift; path = ContratinTutorial1Tests.swift; sourceTree = "<group>"; };
		6681203821A0227F00B2EC2D /* Info.plist */ = {isa = PBXFileReference; lastKnownFileType = text.plist.xml; path = Info.plist; sourceTree = "<group>"; };
		6681203D21A0227F00B2EC2D /* ContratinTutorial1UITests.xctest */ = {isa = PBXFileReference; explicitFileType = wrapper.cfbundle; includeInIndex = 0; path = ContratinTutorial1UITests.xctest; sourceTree = BUILT_PRODUCTS_DIR; };
		6681204121A0227F00B2EC2D /* ContratinTutorial1UITests.swift */ = {isa = PBXFileReference; lastKnownFileType = sourcecode.swift; path = ContratinTutorial1UITests.swift; sourceTree = "<group>"; };
		6681204321A0227F00B2EC2D /* Info.plist */ = {isa = PBXFileReference; lastKnownFileType = text.plist.xml; path = Info.plist; sourceTree = "<group>"; };
/* End PBXFileReference section */

/* Begin PBXFrameworksBuildPhase section */
		6681201B21A0226D00B2EC2D /* Frameworks */ = {
			isa = PBXFrameworksBuildPhase;
			buildActionMask = 2147483647;
			files = (
				6620BACA21A0660D0019A550 /* WebKit.framework in Frameworks */,
			);
			runOnlyForDeploymentPostprocessing = 0;
		};
		6681202F21A0227F00B2EC2D /* Frameworks */ = {
			isa = PBXFrameworksBuildPhase;
			buildActionMask = 2147483647;
			files = (
			);
			runOnlyForDeploymentPostprocessing = 0;
		};
		6681203A21A0227F00B2EC2D /* Frameworks */ = {
			isa = PBXFrameworksBuildPhase;
			buildActionMask = 2147483647;
			files = (
			);
			runOnlyForDeploymentPostprocessing = 0;
		};
/* End PBXFrameworksBuildPhase section */

/* Begin PBXGroup section */
		6620BAC821A0660C0019A550 /* Frameworks */ = {
			isa = PBXGroup;
			children = (
				6620BAC921A0660C0019A550 /* WebKit.framework */,
			);
			name = Frameworks;
			sourceTree = "<group>";
		};
		6681201521A0226D00B2EC2D = {
			isa = PBXGroup;
			children = (
				6681202021A0226D00B2EC2D /* ContratinTutorial1 */,
				6681203521A0227F00B2EC2D /* ContratinTutorial1Tests */,
				6681204021A0227F00B2EC2D /* ContratinTutorial1UITests */,
				6681201F21A0226D00B2EC2D /* Products */,
				6620BAC821A0660C0019A550 /* Frameworks */,
			);
			sourceTree = "<group>";
		};
		6681201F21A0226D00B2EC2D /* Products */ = {
			isa = PBXGroup;
			children = (
				6681201E21A0226D00B2EC2D /* ContratinTutorial1.app */,
				6681203221A0227F00B2EC2D /* ContratinTutorial1Tests.xctest */,
				6681203D21A0227F00B2EC2D /* ContratinTutorial1UITests.xctest */,
			);
			name = Products;
			sourceTree = "<group>";
		};
		6681202021A0226D00B2EC2D /* ContratinTutorial1 */ = {
			isa = PBXGroup;
			children = (
				6681202121A0226D00B2EC2D /* AppDelegate.swift */,
				6681202321A0226D00B2EC2D /* ViewController.swift */,
				6681202521A0226D00B2EC2D /* Main.storyboard */,
				6681202821A0227E00B2EC2D /* Assets.xcassets */,
				6681202A21A0227E00B2EC2D /* LaunchScreen.storyboard */,
				6681202D21A0227E00B2EC2D /* Info.plist */,
				6620BAC621A065AD0019A550 /* TutorialWebViewController.swift */,
			);
			path = ContratinTutorial1;
			sourceTree = "<group>";
		};
		6681203521A0227F00B2EC2D /* ContratinTutorial1Tests */ = {
			isa = PBXGroup;
			children = (
				6681203621A0227F00B2EC2D /* ContratinTutorial1Tests.swift */,
				6681203821A0227F00B2EC2D /* Info.plist */,
			);
			path = ContratinTutorial1Tests;
			sourceTree = "<group>";
		};
		6681204021A0227F00B2EC2D /* ContratinTutorial1UITests */ = {
			isa = PBXGroup;
			children = (
				6681204121A0227F00B2EC2D /* ContratinTutorial1UITests.swift */,
				6681204321A0227F00B2EC2D /* Info.plist */,
			);
			path = ContratinTutorial1UITests;
			sourceTree = "<group>";
		};
/* End PBXGroup section */

/* Begin PBXNativeTarget section */
		6681201D21A0226D00B2EC2D /* ContratinTutorial1 */ = {
			isa = PBXNativeTarget;
			buildConfigurationList = 6681204621A0227F00B2EC2D /* Build configuration list for PBXNativeTarget "ContratinTutorial1" */;
			buildPhases = (
				6681201A21A0226D00B2EC2D /* Sources */,
				6681201B21A0226D00B2EC2D /* Frameworks */,
				6681201C21A0226D00B2EC2D /* Resources */,
			);
			buildRules = (
			);
			dependencies = (
			);
			name = ContratinTutorial1;
			productName = ContratinTutorial1;
			productReference = 6681201E21A0226D00B2EC2D /* ContratinTutorial1.app */;
			productType = "com.apple.product-type.application";
		};
		6681203121A0227F00B2EC2D /* ContratinTutorial1Tests */ = {
			isa = PBXNativeTarget;
			buildConfigurationList = 6681204921A0227F00B2EC2D /* Build configuration list for PBXNativeTarget "ContratinTutorial1Tests" */;
			buildPhases = (
				6681202E21A0227F00B2EC2D /* Sources */,
				6681202F21A0227F00B2EC2D /* Frameworks */,
				6681203021A0227F00B2EC2D /* Resources */,
			);
			buildRules = (
			);
			dependencies = (
				6681203421A0227F00B2EC2D /* PBXTargetDependency */,
			);
			name = ContratinTutorial1Tests;
			productName = ContratinTutorial1Tests;
			productReference = 6681203221A0227F00B2EC2D /* ContratinTutorial1Tests.xctest */;
			productType = "com.apple.product-type.bundle.unit-test";
		};
		6681203C21A0227F00B2EC2D /* ContratinTutorial1UITests */ = {
			isa = PBXNativeTarget;
			buildConfigurationList = 6681204C21A0227F00B2EC2D /* Build configuration list for PBXNativeTarget "ContratinTutorial1UITests" */;
			buildPhases = (
				6681203921A0227F00B2EC2D /* Sources */,
				6681203A21A0227F00B2EC2D /* Frameworks */,
				6681203B21A0227F00B2EC2D /* Resources */,
			);
			buildRules = (
			);
			dependencies = (
				6681203F21A0227F00B2EC2D /* PBXTargetDependency */,
			);
			name = ContratinTutorial1UITests;
			productName = ContratinTutorial1UITests;
			productReference = 6681203D21A0227F00B2EC2D /* ContratinTutorial1UITests.xctest */;
			productType = "com.apple.product-type.bundle.ui-testing";
		};
/* End PBXNativeTarget section */

/* Begin PBXProject section */
		6681201621A0226D00B2EC2D /* Project object */ = {
			isa = PBXProject;
			attributes = {
				LastSwiftUpdateCheck = 0940;
				LastUpgradeCheck = 0940;
				ORGANIZATIONNAME = "sanjay kumar chaurasia";
				TargetAttributes = {
					6681201D21A0226D00B2EC2D = {
						CreatedOnToolsVersion = 9.4;
					};
					6681203121A0227F00B2EC2D = {
						CreatedOnToolsVersion = 9.4;
						TestTargetID = 6681201D21A0226D00B2EC2D;
					};
					6681203C21A0227F00B2EC2D = {
						CreatedOnToolsVersion = 9.4;
						TestTargetID = 6681201D21A0226D00B2EC2D;
					};
				};
			};
			buildConfigurationList = 6681201921A0226D00B2EC2D /* Build configuration list for PBXProject "ContratinTutorial1" */;
			compatibilityVersion = "Xcode 9.3";
			developmentRegion = en;
			hasScannedForEncodings = 0;
			knownRegions = (
				en,
				Base,
			);
			mainGroup = 6681201521A0226D00B2EC2D;
			productRefGroup = 6681201F21A0226D00B2EC2D /* Products */;
			projectDirPath = "";
			projectRoot = "";
			targets = (
				6681201D21A0226D00B2EC2D /* ContratinTutorial1 */,
				6681203121A0227F00B2EC2D /* ContratinTutorial1Tests */,
				6681203C21A0227F00B2EC2D /* ContratinTutorial1UITests */,
			);
		};
/* End PBXProject section */

/* Begin PBXResourcesBuildPhase section */
		6681201C21A0226D00B2EC2D /* Resources */ = {
			isa = PBXResourcesBuildPhase;
			buildActionMask = 2147483647;
			files = (
				6681202C21A0227E00B2EC2D /* LaunchScreen.storyboard in Resources */,
				6681202921A0227E00B2EC2D /* Assets.xcassets in Resources */,
				6681202721A0226D00B2EC2D /* Main.storyboard in Resources */,
			);
			runOnlyForDeploymentPostprocessing = 0;
		};
		6681203021A0227F00B2EC2D /* Resources */ = {
			isa = PBXResourcesBuildPhase;
			buildActionMask = 2147483647;
			files = (
			);
			runOnlyForDeploymentPostprocessing = 0;
		};
		6681203B21A0227F00B2EC2D /* Resources */ = {
			isa = PBXResourcesBuildPhase;
			buildActionMask = 2147483647;
			files = (
			);
			runOnlyForDeploymentPostprocessing = 0;
		};
/* End PBXResourcesBuildPhase section */

/* Begin PBXSourcesBuildPhase section */
		6681201A21A0226D00B2EC2D /* Sources */ = {
			isa = PBXSourcesBuildPhase;
			buildActionMask = 2147483647;
			files = (
				6620BAC721A065AD0019A550 /* TutorialWebViewController.swift in Sources */,
				6681202421A0226D00B2EC2D /* ViewController.swift in Sources */,
				6681202221A0226D00B2EC2D /* AppDelegate.swift in Sources */,
			);
			runOnlyForDeploymentPostprocessing = 0;
		};
		6681202E21A0227F00B2EC2D /* Sources */ = {
			isa = PBXSourcesBuildPhase;
			buildActionMask = 2147483647;
			files = (
				6681203721A0227F00B2EC2D /* ContratinTutorial1Tests.swift in Sources */,
			);
			runOnlyForDeploymentPostprocessing = 0;
		};
		6681203921A0227F00B2EC2D /* Sources */ = {
			isa = PBXSourcesBuildPhase;
			buildActionMask = 2147483647;
			files = (
				6681204221A0227F00B2EC2D /* ContratinTutorial1UITests.swift in Sources */,
			);
			runOnlyForDeploymentPostprocessing = 0;
		};
/* End PBXSourcesBuildPhase section */

/* Begin PBXTargetDependency section */
		6681203421A0227F00B2EC2D /* PBXTargetDependency */ = {
			isa = PBXTargetDependency;
			target = 6681201D21A0226D00B2EC2D /* ContratinTutorial1 */;
			targetProxy = 6681203321A0227F00B2EC2D /* PBXContainerItemProxy */;
		};
		6681203F21A0227F00B2EC2D /* PBXTargetDependency */ = {
			isa = PBXTargetDependency;
			target = 6681201D21A0226D00B2EC2D /* ContratinTutorial1 */;
			targetProxy = 6681203E21A0227F00B2EC2D /* PBXContainerItemProxy */;
		};
/* End PBXTargetDependency section */

/* Begin PBXVariantGroup section */
		6681202521A0226D00B2EC2D /* Main.storyboard */ = {
			isa = PBXVariantGroup;
			children = (
				6681202621A0226D00B2EC2D /* Base */,
			);
			name = Main.storyboard;
			sourceTree = "<group>";
		};
		6681202A21A0227E00B2EC2D /* LaunchScreen.storyboard */ = {
			isa = PBXVariantGroup;
			children = (
				6681202B21A0227E00B2EC2D /* Base */,
			);
			name = LaunchScreen.storyboard;
			sourceTree = "<group>";
		};
/* End PBXVariantGroup section */

/* Begin XCBuildConfiguration section */
		6681204421A0227F00B2EC2D /* Debug */ = {
			isa = XCBuildConfiguration;
			buildSettings = {
				ALWAYS_SEARCH_USER_PATHS = NO;
				CLANG_ANALYZER_NONNULL = YES;
				CLANG_ANALYZER_NUMBER_OBJECT_CONVERSION = YES_AGGRESSIVE;
				CLANG_CXX_LANGUAGE_STANDARD = "gnu++14";
				CLANG_CXX_LIBRARY = "libc++";
				CLANG_ENABLE_MODULES = YES;
				CLANG_ENABLE_OBJC_ARC = YES;
				CLANG_ENABLE_OBJC_WEAK = YES;
				CLANG_WARN_BLOCK_CAPTURE_AUTORELEASING = YES;
				CLANG_WARN_BOOL_CONVERSION = YES;
				CLANG_WARN_COMMA = YES;
				CLANG_WARN_CONSTANT_CONVERSION = YES;
				CLANG_WARN_DEPRECATED_OBJC_IMPLEMENTATIONS = YES;
				CLANG_WARN_DIRECT_OBJC_ISA_USAGE = YES_ERROR;
				CLANG_WARN_DOCUMENTATION_COMMENTS = YES;
				CLANG_WARN_EMPTY_BODY = YES;
				CLANG_WARN_ENUM_CONVERSION = YES;
				CLANG_WARN_INFINITE_RECURSION = YES;
				CLANG_WARN_INT_CONVERSION = YES;
				CLANG_WARN_NON_LITERAL_NULL_CONVERSION = YES;
				CLANG_WARN_OBJC_IMPLICIT_RETAIN_SELF = YES;
				CLANG_WARN_OBJC_LITERAL_CONVERSION = YES;
				CLANG_WARN_OBJC_ROOT_CLASS = YES_ERROR;
				CLANG_WARN_RANGE_LOOP_ANALYSIS = YES;
				CLANG_WARN_STRICT_PROTOTYPES = YES;
				CLANG_WARN_SUSPICIOUS_MOVE = YES;
				CLANG_WARN_UNGUARDED_AVAILABILITY = YES_AGGRESSIVE;
				CLANG_WARN_UNREACHABLE_CODE = YES;
				CLANG_WARN__DUPLICATE_METHOD_MATCH = YES;
				CODE_SIGN_IDENTITY = "iPhone Developer";
				COPY_PHASE_STRIP = NO;
				DEBUG_INFORMATION_FORMAT = dwarf;
				ENABLE_STRICT_OBJC_MSGSEND = YES;
				ENABLE_TESTABILITY = YES;
				GCC_C_LANGUAGE_STANDARD = gnu11;
				GCC_DYNAMIC_NO_PIC = NO;
				GCC_NO_COMMON_BLOCKS = YES;
				GCC_OPTIMIZATION_LEVEL = 0;
				GCC_PREPROCESSOR_DEFINITIONS = (
					"DEBUG=1",
					"$(inherited)",
				);
				GCC_WARN_64_TO_32_BIT_CONVERSION = YES;
				GCC_WARN_ABOUT_RETURN_TYPE = YES_ERROR;
				GCC_WARN_UNDECLARED_SELECTOR = YES;
				GCC_WARN_UNINITIALIZED_AUTOS = YES_AGGRESSIVE;
				GCC_WARN_UNUSED_FUNCTION = YES;
				GCC_WARN_UNUSED_VARIABLE = YES;
				IPHONEOS_DEPLOYMENT_TARGET = 11.4;
				MTL_ENABLE_DEBUG_INFO = YES;
				ONLY_ACTIVE_ARCH = YES;
				SDKROOT = iphoneos;
				SWIFT_ACTIVE_COMPILATION_CONDITIONS = DEBUG;
				SWIFT_OPTIMIZATION_LEVEL = "-Onone";
			};
			name = Debug;
		};
		6681204521A0227F00B2EC2D /* Release */ = {
			isa = XCBuildConfiguration;
			buildSettings = {
				ALWAYS_SEARCH_USER_PATHS = NO;
				CLANG_ANALYZER_NONNULL = YES;
				CLANG_ANALYZER_NUMBER_OBJECT_CONVERSION = YES_AGGRESSIVE;
				CLANG_CXX_LANGUAGE_STANDARD = "gnu++14";
				CLANG_CXX_LIBRARY = "libc++";
				CLANG_ENABLE_MODULES = YES;
				CLANG_ENABLE_OBJC_ARC = YES;
				CLANG_ENABLE_OBJC_WEAK = YES;
				CLANG_WARN_BLOCK_CAPTURE_AUTORELEASING = YES;
				CLANG_WARN_BOOL_CONVERSION = YES;
				CLANG_WARN_COMMA = YES;
				CLANG_WARN_CONSTANT_CONVERSION = YES;
				CLANG_WARN_DEPRECATED_OBJC_IMPLEMENTATIONS = YES;
				CLANG_WARN_DIRECT_OBJC_ISA_USAGE = YES_ERROR;
				CLANG_WARN_DOCUMENTATION_COMMENTS = YES;
				CLANG_WARN_EMPTY_BODY = YES;
				CLANG_WARN_ENUM_CONVERSION = YES;
				CLANG_WARN_INFINITE_RECURSION = YES;
				CLANG_WARN_INT_CONVERSION = YES;
				CLANG_WARN_NON_LITERAL_NULL_CONVERSION = YES;
				CLANG_WARN_OBJC_IMPLICIT_RETAIN_SELF = YES;
				CLANG_WARN_OBJC_LITERAL_CONVERSION = YES;
				CLANG_WARN_OBJC_ROOT_CLASS = YES_ERROR;
				CLANG_WARN_RANGE_LOOP_ANALYSIS = YES;
				CLANG_WARN_STRICT_PROTOTYPES = YES;
				CLANG_WARN_SUSPICIOUS_MOVE = YES;
				CLANG_WARN_UNGUARDED_AVAILABILITY = YES_AGGRESSIVE;
				CLANG_WARN_UNREACHABLE_CODE = YES;
				CLANG_WARN__DUPLICATE_METHOD_MATCH = YES;
				CODE_SIGN_IDENTITY = "iPhone Developer";
				COPY_PHASE_STRIP = NO;
				DEBUG_INFORMATION_FORMAT = "dwarf-with-dsym";
				ENABLE_NS_ASSERTIONS = NO;
				ENABLE_STRICT_OBJC_MSGSEND = YES;
				GCC_C_LANGUAGE_STANDARD = gnu11;
				GCC_NO_COMMON_BLOCKS = YES;
				GCC_WARN_64_TO_32_BIT_CONVERSION = YES;
				GCC_WARN_ABOUT_RETURN_TYPE = YES_ERROR;
				GCC_WARN_UNDECLARED_SELECTOR = YES;
				GCC_WARN_UNINITIALIZED_AUTOS = YES_AGGRESSIVE;
				GCC_WARN_UNUSED_FUNCTION = YES;
				GCC_WARN_UNUSED_VARIABLE = YES;
				IPHONEOS_DEPLOYMENT_TARGET = 11.4;
				MTL_ENABLE_DEBUG_INFO = NO;
				SDKROOT = iphoneos;
				SWIFT_COMPILATION_MODE = wholemodule;
				SWIFT_OPTIMIZATION_LEVEL = "-O";
				VALIDATE_PRODUCT = YES;
			};
			name = Release;
		};
		6681204721A0227F00B2EC2D /* Debug */ = {
			isa = XCBuildConfiguration;
			buildSettings = {
				ASSETCATALOG_COMPILER_APPICON_NAME = AppIcon;
				CODE_SIGN_STYLE = Automatic;
				INFOPLIST_FILE = ContratinTutorial1/Info.plist;
				LD_RUNPATH_SEARCH_PATHS = (
					"$(inherited)",
					"@executable_path/Frameworks",
				);
				PRODUCT_BUNDLE_IDENTIFIER = com.test.Constraint.ContratinTutorial1;
				PRODUCT_NAME = "$(TARGET_NAME)";
				SWIFT_VERSION = 4.0;
				TARGETED_DEVICE_FAMILY = "1,2";
			};
			name = Debug;
		};
		6681204821A0227F00B2EC2D /* Release */ = {
			isa = XCBuildConfiguration;
			buildSettings = {
				ASSETCATALOG_COMPILER_APPICON_NAME = AppIcon;
				CODE_SIGN_STYLE = Automatic;
				INFOPLIST_FILE = ContratinTutorial1/Info.plist;
				LD_RUNPATH_SEARCH_PATHS = (
					"$(inherited)",
					"@executable_path/Frameworks",
				);
				PRODUCT_BUNDLE_IDENTIFIER = com.test.Constraint.ContratinTutorial1;
				PRODUCT_NAME = "$(TARGET_NAME)";
				SWIFT_VERSION = 4.0;
				TARGETED_DEVICE_FAMILY = "1,2";
			};
			name = Release;
		};
		6681204A21A0227F00B2EC2D /* Debug */ = {
			isa = XCBuildConfiguration;
			buildSettings = {
				ALWAYS_EMBED_SWIFT_STANDARD_LIBRARIES = YES;
				BUNDLE_LOADER = "$(TEST_HOST)";
				CODE_SIGN_STYLE = Automatic;
				INFOPLIST_FILE = ContratinTutorial1Tests/Info.plist;
				LD_RUNPATH_SEARCH_PATHS = (
					"$(inherited)",
					"@executable_path/Frameworks",
					"@loader_path/Frameworks",
				);
				PRODUCT_BUNDLE_IDENTIFIER = com.test.Constraint.ContratinTutorial1Tests;
				PRODUCT_NAME = "$(TARGET_NAME)";
				SWIFT_VERSION = 4.0;
				TARGETED_DEVICE_FAMILY = "1,2";
				TEST_HOST = "$(BUILT_PRODUCTS_DIR)/ContratinTutorial1.app/ContratinTutorial1";
			};
			name = Debug;
		};
		6681204B21A0227F00B2EC2D /* Release */ = {
			isa = XCBuildConfiguration;
			buildSettings = {
				ALWAYS_EMBED_SWIFT_STANDARD_LIBRARIES = YES;
				BUNDLE_LOADER = "$(TEST_HOST)";
				CODE_SIGN_STYLE = Automatic;
				INFOPLIST_FILE = ContratinTutorial1Tests/Info.plist;
				LD_RUNPATH_SEARCH_PATHS = (
					"$(inherited)",
					"@executable_path/Frameworks",
					"@loader_path/Frameworks",
				);
				PRODUCT_BUNDLE_IDENTIFIER = com.test.Constraint.ContratinTutorial1Tests;
				PRODUCT_NAME = "$(TARGET_NAME)";
				SWIFT_VERSION = 4.0;
				TARGETED_DEVICE_FAMILY = "1,2";
				TEST_HOST = "$(BUILT_PRODUCTS_DIR)/ContratinTutorial1.app/ContratinTutorial1";
			};
			name = Release;
		};
		6681204D21A0227F00B2EC2D /* Debug */ = {
			isa = XCBuildConfiguration;
			buildSettings = {
				ALWAYS_EMBED_SWIFT_STANDARD_LIBRARIES = YES;
				CODE_SIGN_STYLE = Automatic;
				INFOPLIST_FILE = ContratinTutorial1UITests/Info.plist;
				LD_RUNPATH_SEARCH_PATHS = (
					"$(inherited)",
					"@executable_path/Frameworks",
					"@loader_path/Frameworks",
				);
				PRODUCT_BUNDLE_IDENTIFIER = com.test.Constraint.ContratinTutorial1UITests;
				PRODUCT_NAME = "$(TARGET_NAME)";
				SWIFT_VERSION = 4.0;
				TARGETED_DEVICE_FAMILY = "1,2";
				TEST_TARGET_NAME = ContratinTutorial1;
			};
			name = Debug;
		};
		6681204E21A0227F00B2EC2D /* Release */ = {
			isa = XCBuildConfiguration;
			buildSettings = {
				ALWAYS_EMBED_SWIFT_STANDARD_LIBRARIES = YES;
				CODE_SIGN_STYLE = Automatic;
				INFOPLIST_FILE = ContratinTutorial1UITests/Info.plist;
				LD_RUNPATH_SEARCH_PATHS = (
					"$(inherited)",
					"@executable_path/Frameworks",
					"@loader_path/Frameworks",
				);
				PRODUCT_BUNDLE_IDENTIFIER = com.test.Constraint.ContratinTutorial1UITests;
				PRODUCT_NAME = "$(TARGET_NAME)";
				SWIFT_VERSION = 4.0;
				TARGETED_DEVICE_FAMILY = "1,2";
				TEST_TARGET_NAME = ContratinTutorial1;
			};
			name = Release;
		};
/* End XCBuildConfiguration section */

/* Begin XCConfigurationList section */
		6681201921A0226D00B2EC2D /* Build configuration list for PBXProject "ContratinTutorial1" */ = {
			isa = XCConfigurationList;
			buildConfigurations = (
				6681204421A0227F00B2EC2D /* Debug */,
				6681204521A0227F00B2EC2D /* Release */,
			);
			defaultConfigurationIsVisible = 0;
			defaultConfigurationName = Release;
		};
		6681204621A0227F00B2EC2D /* Build configuration list for PBXNativeTarget "ContratinTutorial1" */ = {
			isa = XCConfigurationList;
			buildConfigurations = (
				6681204721A0227F00B2EC2D /* Debug */,
				6681204821A0227F00B2EC2D /* Release */,
			);
			defaultConfigurationIsVisible = 0;
			defaultConfigurationName = Release;
		};
		6681204921A0227F00B2EC2D /* Build configuration list for PBXNativeTarget "ContratinTutorial1Tests" */ = {
			isa = XCConfigurationList;
			buildConfigurations = (
				6681204A21A0227F00B2EC2D /* Debug */,
				6681204B21A0227F00B2EC2D /* Release */,
			);
			defaultConfigurationIsVisible = 0;
			defaultConfigurationName = Release;
		};
		6681204C21A0227F00B2EC2D /* Build configuration list for PBXNativeTarget "ContratinTutorial1UITests" */ = {
			isa = XCConfigurationList;
			buildConfigurations = (
				6681204D21A0227F00B2EC2D /* Debug */,
				6681204E21A0227F00B2EC2D /* Release */,
			);
			defaultConfigurationIsVisible = 0;
			defaultConfigurationName = Release;
		};
/* End XCConfigurationList section */
	};
	rootObject = 6681201621A0226D00B2EC2D /* Project object */;
}
